
Microsoft Visual Studio Solution File, Format Version 11.00
# Visual C++ Express 2010
Project("{8BC9CEB8-8B4A-11D0-8D11-00A0C91BC942}") = "BeliefPropagation", "BeliefPropagation\BeliefPropagation.vcxproj", "{20C63105-0B8B-411A-B477-E957406029AE}"
EndProject
Global
	GlobalSection(SolutionConfigurationPlatforms) = preSolution
		Debug|Win32 = Debug|Win32
		Release|Win32 = Release|Win32
	EndGlobalSection
	GlobalSection(ProjectConfigurationPlatforms) = postSolution
		{20C63105-0B8B-411A-B477-E957406029AE}.Debug|Win32.ActiveCfg = Debug|Win32
		{20C63105-0B8B-411A-B477-E957406029AE}.Debug|Win32.Build.0 = Debug|Win32
		{20C63105-0B8B-411A-B477-E957406029AE}.Release|Win32.ActiveCfg = Release|Win32
		{20C63105-0B8B-411A-B477-E957406029AE}.Release|Win32.Build.0 = Release|Win32
	EndGlobalSection
	GlobalSection(SolutionProperties) = preSolution
		HideSolutionNode = FALSE
	EndGlobalSection
EndGlobal
